
Microsoft Visual Studio Solution File, Format Version 12.00
# Visual Studio Version 17
VisualStudioVersion = 17.12.35514.174
MinimumVisualStudioVersion = 10.0.40219.1
Project("{2150E333-8FDC-42A3-9474-1A3956D46DE8}") = "tests", "tests", "{343A3E9B-997B-4693-A9BD-E8330196854E}"
EndProject
Project("{2150E333-8FDC-42A3-9474-1A3956D46DE8}") = "Core", "Core", "{26115D93-90DB-48CF-88FE-53BD19C2F968}"
EndProject
Project("{2150E333-8FDC-42A3-9474-1A3956D46DE8}") = "Infrastructure", "Infrastructure", "{06E6FE0C-5C20-4992-9A1C-092895B26225}"
EndProject
Project("{2150E333-8FDC-42A3-9474-1A3956D46DE8}") = "Presentation", "Presentation", "{992304DE-72D4-4E75-BA1D-6590AA34241A}"
EndProject
Project("{FAE04EC0-301F-11D3-BF4B-00C04F79EFBC}") = "NowAround.Application", "NowAround.Application\NowAround.Application.csproj", "{AA3344B3-D940-4FDB-932F-385D2EAABE84}"
EndProject
Project("{FAE04EC0-301F-11D3-BF4B-00C04F79EFBC}") = "NowAround.Domain", "NowAround.Domain\NowAround.Domain.csproj", "{B4C16DDB-3F58-42F1-AB87-DC6D819AC1C9}"
EndProject
Project("{FAE04EC0-301F-11D3-BF4B-00C04F79EFBC}") = "NowAround.Infrastructure", "NowAround.Infrastructure\NowAround.Infrastructure.csproj", "{98003AD9-CCE3-4435-BF46-499A366F79BD}"
EndProject
Project("{FAE04EC0-301F-11D3-BF4B-00C04F79EFBC}") = "NowAround.WebApi", "NowAround.WebApi\NowAround.WebApi.csproj", "{E4DF69C8-BA4D-4791-88BD-6BFB1E7755C0}"
EndProject
Project("{2150E333-8FDC-42A3-9474-1A3956D46DE8}") = "Solution Settings", "Solution Settings", "{F007AAA0-CCF5-47AC-B77F-09F1CE9BA4E9}"
	ProjectSection(SolutionItems) = preProject
		Directory.Build.props = Directory.Build.props
		Directory.Packages.props = Directory.Packages.props
	EndProjectSection
EndProject
Project("{FAE04EC0-301F-11D3-BF4B-00C04F79EFBC}") = "NowAround.Application.UnitTests", "tests\NowAround.Application.UnitTests\NowAround.Application.UnitTests.csproj", "{01BB7EAB-0B3C-4BAA-9639-9F8AAE9B7163}"
EndProject
Project("{FAE04EC0-301F-11D3-BF4B-00C04F79EFBC}") = "NowAround.IntegrationTests", "tests\NowAround.IntegrationTests\NowAround.IntegrationTests.csproj", "{7460C5C1-E284-43E3-A08A-F5A5A059A322}"
EndProject
Project("{FAE04EC0-301F-11D3-BF4B-00C04F79EFBC}") = "NowAround.Infrastructure.UnitTests", "tests\NowAround.Infrastructure.UnitTests\NowAround.Infrastructure.UnitTests.csproj", "{09EA559C-D42A-45A1-83A6-F6BE3517282F}"
EndProject
Global
	GlobalSection(SolutionConfigurationPlatforms) = preSolution
		Debug|Any CPU = Debug|Any CPU
		Release|Any CPU = Release|Any CPU
	EndGlobalSection
	GlobalSection(ProjectConfigurationPlatforms) = postSolution
		{AA3344B3-D940-4FDB-932F-385D2EAABE84}.Debug|Any CPU.ActiveCfg = Debug|Any CPU
		{AA3344B3-D940-4FDB-932F-385D2EAABE84}.Debug|Any CPU.Build.0 = Debug|Any CPU
		{AA3344B3-D940-4FDB-932F-385D2EAABE84}.Release|Any CPU.ActiveCfg = Release|Any CPU
		{AA3344B3-D940-4FDB-932F-385D2EAABE84}.Release|Any CPU.Build.0 = Release|Any CPU
		{B4C16DDB-3F58-42F1-AB87-DC6D819AC1C9}.Debug|Any CPU.ActiveCfg = Debug|Any CPU
		{B4C16DDB-3F58-42F1-AB87-DC6D819AC1C9}.Debug|Any CPU.Build.0 = Debug|Any CPU
		{B4C16DDB-3F58-42F1-AB87-DC6D819AC1C9}.Release|Any CPU.ActiveCfg = Release|Any CPU
		{B4C16DDB-3F58-42F1-AB87-DC6D819AC1C9}.Release|Any CPU.Build.0 = Release|Any CPU
		{98003AD9-CCE3-4435-BF46-499A366F79BD}.Debug|Any CPU.ActiveCfg = Debug|Any CPU
		{98003AD9-CCE3-4435-BF46-499A366F79BD}.Debug|Any CPU.Build.0 = Debug|Any CPU
		{98003AD9-CCE3-4435-BF46-499A366F79BD}.Release|Any CPU.ActiveCfg = Release|Any CPU
		{98003AD9-CCE3-4435-BF46-499A366F79BD}.Release|Any CPU.Build.0 = Release|Any CPU
		{E4DF69C8-BA4D-4791-88BD-6BFB1E7755C0}.Debug|Any CPU.ActiveCfg = Debug|Any CPU
		{E4DF69C8-BA4D-4791-88BD-6BFB1E7755C0}.Debug|Any CPU.Build.0 = Debug|Any CPU
		{E4DF69C8-BA4D-4791-88BD-6BFB1E7755C0}.Release|Any CPU.ActiveCfg = Release|Any CPU
		{E4DF69C8-BA4D-4791-88BD-6BFB1E7755C0}.Release|Any CPU.Build.0 = Release|Any CPU
		{01BB7EAB-0B3C-4BAA-9639-9F8AAE9B7163}.Debug|Any CPU.ActiveCfg = Debug|Any CPU
		{01BB7EAB-0B3C-4BAA-9639-9F8AAE9B7163}.Debug|Any CPU.Build.0 = Debug|Any CPU
		{01BB7EAB-0B3C-4BAA-9639-9F8AAE9B7163}.Release|Any CPU.ActiveCfg = Release|Any CPU
		{01BB7EAB-0B3C-4BAA-9639-9F8AAE9B7163}.Release|Any CPU.Build.0 = Release|Any CPU
		{7460C5C1-E284-43E3-A08A-F5A5A059A322}.Debug|Any CPU.ActiveCfg = Debug|Any CPU
		{7460C5C1-E284-43E3-A08A-F5A5A059A322}.Debug|Any CPU.Build.0 = Debug|Any CPU
		{7460C5C1-E284-43E3-A08A-F5A5A059A322}.Release|Any CPU.ActiveCfg = Release|Any CPU
		{7460C5C1-E284-43E3-A08A-F5A5A059A322}.Release|Any CPU.Build.0 = Release|Any CPU
		{09EA559C-D42A-45A1-83A6-F6BE3517282F}.Debug|Any CPU.ActiveCfg = Debug|Any CPU
		{09EA559C-D42A-45A1-83A6-F6BE3517282F}.Debug|Any CPU.Build.0 = Debug|Any CPU
		{09EA559C-D42A-45A1-83A6-F6BE3517282F}.Release|Any CPU.ActiveCfg = Release|Any CPU
		{09EA559C-D42A-45A1-83A6-F6BE3517282F}.Release|Any CPU.Build.0 = Release|Any CPU
	EndGlobalSection
	GlobalSection(SolutionProperties) = preSolution
		HideSolutionNode = FALSE
	EndGlobalSection
	GlobalSection(NestedProjects) = preSolution
		{AA3344B3-D940-4FDB-932F-385D2EAABE84} = {26115D93-90DB-48CF-88FE-53BD19C2F968}
		{B4C16DDB-3F58-42F1-AB87-DC6D819AC1C9} = {26115D93-90DB-48CF-88FE-53BD19C2F968}
		{98003AD9-CCE3-4435-BF46-499A366F79BD} = {06E6FE0C-5C20-4992-9A1C-092895B26225}
		{E4DF69C8-BA4D-4791-88BD-6BFB1E7755C0} = {992304DE-72D4-4E75-BA1D-6590AA34241A}
		{01BB7EAB-0B3C-4BAA-9639-9F8AAE9B7163} = {343A3E9B-997B-4693-A9BD-E8330196854E}
		{7460C5C1-E284-43E3-A08A-F5A5A059A322} = {343A3E9B-997B-4693-A9BD-E8330196854E}
		{09EA559C-D42A-45A1-83A6-F6BE3517282F} = {343A3E9B-997B-4693-A9BD-E8330196854E}
	EndGlobalSection
EndGlobal
